
Microsoft Visual Studio Solution File, Format Version 12.00
# Visual Studio Version 16
VisualStudioVersion = 16.0.29911.84
MinimumVisualStudioVersion = 10.0.40219.1
Project("{9A19103F-16F7-4668-BE54-9A1E7A4F7556}") = "APBD_cw11", "APBD_cw11\APBD_cw11.csproj", "{660625C8-DBDB-49DF-95BE-0A859AF0C58D}"
EndProject
Global
	GlobalSection(SolutionConfigurationPlatforms) = preSolution
		Debug|Any CPU = Debug|Any CPU
		Release|Any CPU = Release|Any CPU
	EndGlobalSection
	GlobalSection(ProjectConfigurationPlatforms) = postSolution
		{660625C8-DBDB-49DF-95BE-0A859AF0C58D}.Debug|Any CPU.ActiveCfg = Debug|Any CPU
		{660625C8-DBDB-49DF-95BE-0A859AF0C58D}.Debug|Any CPU.Build.0 = Debug|Any CPU
		{660625C8-DBDB-49DF-95BE-0A859AF0C58D}.Release|Any CPU.ActiveCfg = Release|Any CPU
		{660625C8-DBDB-49DF-95BE-0A859AF0C58D}.Release|Any CPU.Build.0 = Release|Any CPU
	EndGlobalSection
	GlobalSection(SolutionProperties) = preSolution
		HideSolutionNode = FALSE
	EndGlobalSection
	GlobalSection(ExtensibilityGlobals) = postSolution
		SolutionGuid = {F123C9A9-9955-42CE-9731-E71B1231DFEC}
	EndGlobalSection
EndGlobal
